
Microsoft Visual Studio Solution File, Format Version 12.00
# Visual Studio 15
VisualStudioVersion = 15.0.28307.1000
MinimumVisualStudioVersion = 10.0.40219.1
Project("{888888A0-9F3D-457C-B088-3A5042F75D52}") = "pydanfossally", "pydanfossally\pydanfossally.pyproj", "{F47F209C-BD8C-4024-9A3E-C1902B910F85}"
EndProject
Global
	GlobalSection(SolutionConfigurationPlatforms) = preSolution
		Debug|Any CPU = Debug|Any CPU
		Release|Any CPU = Release|Any CPU
	EndGlobalSection
	GlobalSection(ProjectConfigurationPlatforms) = postSolution
		{F47F209C-BD8C-4024-9A3E-C1902B910F85}.Debug|Any CPU.ActiveCfg = Debug|Any CPU
		{F47F209C-BD8C-4024-9A3E-C1902B910F85}.Release|Any CPU.ActiveCfg = Release|Any CPU
	EndGlobalSection
	GlobalSection(SolutionProperties) = preSolution
		HideSolutionNode = FALSE
	EndGlobalSection
	GlobalSection(ExtensibilityGlobals) = postSolution
		SolutionGuid = {1231E569-8676-4D2E-97DC-BE3EB6E61205}
	EndGlobalSection
EndGlobal
